
Microsoft Visual Studio Solution File, Format Version 12.00
# Visual Studio 14
VisualStudioVersion = 14.0.25420.1
MinimumVisualStudioVersion = 10.0.40219.1
Project("{8BC9CEB8-8B4A-11D0-8D11-00A0C91BC942}") = "ellog", "ellog.vcxproj", "{CEA7F7C1-E5C9-4E0D-A1DD-F445A50B959A}"
EndProject
Project("{8BC9CEB8-8B4A-11D0-8D11-00A0C91BC942}") = "testellog", "test\testellog.vcxproj", "{8A259902-4430-41AF-8E56-7725B456DCCC}"
EndProject
Project("{8BC9CEB8-8B4A-11D0-8D11-00A0C91BC942}") = "testroll", "testroll\testroll.vcxproj", "{395D2E83-1D8B-4180-9771-7B67E2FBCEFC}"
EndProject
Global
	GlobalSection(SolutionConfigurationPlatforms) = preSolution
		Debug|x64 = Debug|x64
		Debug|x86 = Debug|x86
		Release|x64 = Release|x64
		Release|x86 = Release|x86
	EndGlobalSection
	GlobalSection(ProjectConfigurationPlatforms) = postSolution
		{CEA7F7C1-E5C9-4E0D-A1DD-F445A50B959A}.Debug|x64.ActiveCfg = Debug|x64
		{CEA7F7C1-E5C9-4E0D-A1DD-F445A50B959A}.Debug|x64.Build.0 = Debug|x64
		{CEA7F7C1-E5C9-4E0D-A1DD-F445A50B959A}.Debug|x86.ActiveCfg = Debug|Win32
		{CEA7F7C1-E5C9-4E0D-A1DD-F445A50B959A}.Debug|x86.Build.0 = Debug|Win32
		{CEA7F7C1-E5C9-4E0D-A1DD-F445A50B959A}.Release|x64.ActiveCfg = Release|x64
		{CEA7F7C1-E5C9-4E0D-A1DD-F445A50B959A}.Release|x64.Build.0 = Release|x64
		{CEA7F7C1-E5C9-4E0D-A1DD-F445A50B959A}.Release|x86.ActiveCfg = Release|Win32
		{CEA7F7C1-E5C9-4E0D-A1DD-F445A50B959A}.Release|x86.Build.0 = Release|Win32
		{8A259902-4430-41AF-8E56-7725B456DCCC}.Debug|x64.ActiveCfg = Debug|x64
		{8A259902-4430-41AF-8E56-7725B456DCCC}.Debug|x64.Build.0 = Debug|x64
		{8A259902-4430-41AF-8E56-7725B456DCCC}.Debug|x86.ActiveCfg = Debug|Win32
		{8A259902-4430-41AF-8E56-7725B456DCCC}.Debug|x86.Build.0 = Debug|Win32
		{8A259902-4430-41AF-8E56-7725B456DCCC}.Release|x64.ActiveCfg = Release|x64
		{8A259902-4430-41AF-8E56-7725B456DCCC}.Release|x64.Build.0 = Release|x64
		{8A259902-4430-41AF-8E56-7725B456DCCC}.Release|x86.ActiveCfg = Release|Win32
		{8A259902-4430-41AF-8E56-7725B456DCCC}.Release|x86.Build.0 = Release|Win32
		{395D2E83-1D8B-4180-9771-7B67E2FBCEFC}.Debug|x64.ActiveCfg = Debug|x64
		{395D2E83-1D8B-4180-9771-7B67E2FBCEFC}.Debug|x64.Build.0 = Debug|x64
		{395D2E83-1D8B-4180-9771-7B67E2FBCEFC}.Debug|x86.ActiveCfg = Debug|Win32
		{395D2E83-1D8B-4180-9771-7B67E2FBCEFC}.Debug|x86.Build.0 = Debug|Win32
		{395D2E83-1D8B-4180-9771-7B67E2FBCEFC}.Release|x64.ActiveCfg = Release|x64
		{395D2E83-1D8B-4180-9771-7B67E2FBCEFC}.Release|x64.Build.0 = Release|x64
		{395D2E83-1D8B-4180-9771-7B67E2FBCEFC}.Release|x86.ActiveCfg = Release|Win32
		{395D2E83-1D8B-4180-9771-7B67E2FBCEFC}.Release|x86.Build.0 = Release|Win32
	EndGlobalSection
	GlobalSection(SolutionProperties) = preSolution
		HideSolutionNode = FALSE
	EndGlobalSection
EndGlobal
